
Microsoft Visual Studio Solution File, Format Version 12.00
# Visual Studio 15
Project("{FAE04EC0-301F-11D3-BF4B-00C04F79EFBC}") = "Assembly-CSharp", "Assembly-CSharp.csproj", "{C468E1A4-4833-0689-4234-96CBE2114027}"
EndProject
Project("{FAE04EC0-301F-11D3-BF4B-00C04F79EFBC}") = "Assembly-CSharp-Editor", "Assembly-CSharp-Editor.csproj", "{EE7327D8-0300-C841-ECE6-6E22631EB286}"
EndProject
Global
	GlobalSection(SolutionConfigurationPlatforms) = preSolution
		Debug|Any CPU = Debug|Any CPU
		Release|Any CPU = Release|Any CPU
	EndGlobalSection
	GlobalSection(ProjectConfigurationPlatforms) = postSolution
		{C468E1A4-4833-0689-4234-96CBE2114027}.Debug|Any CPU.ActiveCfg = Debug|Any CPU
		{C468E1A4-4833-0689-4234-96CBE2114027}.Debug|Any CPU.Build.0 = Debug|Any CPU
		{C468E1A4-4833-0689-4234-96CBE2114027}.Release|Any CPU.ActiveCfg = Release|Any CPU
		{C468E1A4-4833-0689-4234-96CBE2114027}.Release|Any CPU.Build.0 = Release|Any CPU
		{EE7327D8-0300-C841-ECE6-6E22631EB286}.Debug|Any CPU.ActiveCfg = Debug|Any CPU
		{EE7327D8-0300-C841-ECE6-6E22631EB286}.Debug|Any CPU.Build.0 = Debug|Any CPU
		{EE7327D8-0300-C841-ECE6-6E22631EB286}.Release|Any CPU.ActiveCfg = Release|Any CPU
		{EE7327D8-0300-C841-ECE6-6E22631EB286}.Release|Any CPU.Build.0 = Release|Any CPU
	EndGlobalSection
	GlobalSection(SolutionProperties) = preSolution
		HideSolutionNode = FALSE
	EndGlobalSection
EndGlobal
